# This file is generated by running "yarn install" inside your project.
# Manual changes might be lost - proceed with caution!

__metadata:
  version: 6
  cacheKey: 8

"repro-lib-1@git+ssh://git@github.com:JMS-1/repro-lib-1.git#master":
  version: 1.0.0
  resolution: "repro-lib-1@git+ssh://git@github.com:JMS-1/repro-lib-1.git#commit=00541eef7812916bc81b142a36125b7eca7b4452"
  checksum: b68d84e7ab9fa25072fe8961dfd1a4ca42109bfe1902bd0f4201a97358a6fdeebe1b13416ad331570c74eee87724250d84cdfe8e43b496f8c986baab32961beb
  languageName: node
  linkType: hard

"repro-lib-1@workspace:repro-lib-1":
  version: 0.0.0-use.local
  resolution: "repro-lib-1@workspace:repro-lib-1"
  languageName: unknown
  linkType: soft

"repro-lib-2@workspace:repro-lib-2":
  version: 0.0.0-use.local
  resolution: "repro-lib-2@workspace:repro-lib-2"
  dependencies:
    repro-lib-1: "git+ssh://git@github.com:JMS-1/repro-lib-1.git#master"
  languageName: unknown
  linkType: soft

"repro@workspace:.":
  version: 0.0.0-use.local
  resolution: "repro@workspace:."
  languageName: unknown
  linkType: soft
